
Microsoft Visual Studio Solution File, Format Version 12.00
# Visual Studio Version 17
VisualStudioVersion = 17.11.35208.52
MinimumVisualStudioVersion = 10.0.40219.1
Project("{FAE04EC0-301F-11D3-BF4B-00C04F79EFBC}") = "ShoppingCart.Api", "ShoppingCart.Api\ShoppingCart.Api.csproj", "{8D3E578F-168F-4C5B-ABA1-AED3C1A36DEF}"
EndProject
Global
	GlobalSection(SolutionProperties) = preSolution
		HideSolutionNode = FALSE
	EndGlobalSection
	GlobalSection(ExtensibilityGlobals) = postSolution
		SolutionGuid = {ED9F8923-9521-4FB5-A064-5624F284F50B}
	EndGlobalSection
	GlobalSection(SolutionConfigurationPlatforms) = preSolution
		Debug|Any CPU = Debug|Any CPU
		Debug|x64 = Debug|x64
		Debug|x86 = Debug|x86
		Release|Any CPU = Release|Any CPU
		Release|x64 = Release|x64
		Release|x86 = Release|x86
	EndGlobalSection
	GlobalSection(ProjectConfigurationPlatforms) = postSolution
		{8D3E578F-168F-4C5B-ABA1-AED3C1A36DEF}.Debug|Any CPU.ActiveCfg = Debug|Any CPU
		{8D3E578F-168F-4C5B-ABA1-AED3C1A36DEF}.Debug|Any CPU.Build.0 = Debug|Any CPU
		{8D3E578F-168F-4C5B-ABA1-AED3C1A36DEF}.Debug|x64.ActiveCfg = Debug|Any CPU
		{8D3E578F-168F-4C5B-ABA1-AED3C1A36DEF}.Debug|x64.Build.0 = Debug|Any CPU
		{8D3E578F-168F-4C5B-ABA1-AED3C1A36DEF}.Debug|x86.ActiveCfg = Debug|Any CPU
		{8D3E578F-168F-4C5B-ABA1-AED3C1A36DEF}.Debug|x86.Build.0 = Debug|Any CPU
		{8D3E578F-168F-4C5B-ABA1-AED3C1A36DEF}.Release|Any CPU.ActiveCfg = Release|Any CPU
		{8D3E578F-168F-4C5B-ABA1-AED3C1A36DEF}.Release|Any CPU.Build.0 = Release|Any CPU
		{8D3E578F-168F-4C5B-ABA1-AED3C1A36DEF}.Release|x64.ActiveCfg = Release|Any CPU
		{8D3E578F-168F-4C5B-ABA1-AED3C1A36DEF}.Release|x64.Build.0 = Release|Any CPU
		{8D3E578F-168F-4C5B-ABA1-AED3C1A36DEF}.Release|x86.ActiveCfg = Release|Any CPU
		{8D3E578F-168F-4C5B-ABA1-AED3C1A36DEF}.Release|x86.Build.0 = Release|Any CPU
	EndGlobalSection
EndGlobal
